
Microsoft Visual Studio Solution File, Format Version 12.00
# Visual Studio Version 17
VisualStudioVersion = 17.8.34525.116
MinimumVisualStudioVersion = 10.0.40219.1
Project("{FAE04EC0-301F-11D3-BF4B-00C04F79EFBC}") = "﻿prueba_1", "﻿prueba_1\﻿prueba_1.csproj", "{480D924D-420E-409D-B372-B08D8F670FFF}"
EndProject
Global
	GlobalSection(SolutionConfigurationPlatforms) = preSolution
		Debug|Any CPU = Debug|Any CPU
		Release|Any CPU = Release|Any CPU
	EndGlobalSection
	GlobalSection(ProjectConfigurationPlatforms) = postSolution
		{480D924D-420E-409D-B372-B08D8F670FFF}.Debug|Any CPU.ActiveCfg = Debug|Any CPU
		{480D924D-420E-409D-B372-B08D8F670FFF}.Debug|Any CPU.Build.0 = Debug|Any CPU
		{480D924D-420E-409D-B372-B08D8F670FFF}.Release|Any CPU.ActiveCfg = Release|Any CPU
		{480D924D-420E-409D-B372-B08D8F670FFF}.Release|Any CPU.Build.0 = Release|Any CPU
	EndGlobalSection
	GlobalSection(SolutionProperties) = preSolution
		HideSolutionNode = FALSE
	EndGlobalSection
	GlobalSection(ExtensibilityGlobals) = postSolution
		SolutionGuid = {614BEA70-095B-4953-9D01-6518914589C5}
	EndGlobalSection
EndGlobal
